<?xml version="1.0" encoding="utf-8"?>
<Project ToolsVersion="4.0" xmlns="http://schemas.microsoft.com/developer/msbuild/2003">
  <ItemGroup>
    <Filter Include="win32">
      <UniqueIdentifier>{84a8ebd7-7cf0-47f6-b75e-d441df67da40}</UniqueIdentifier>
    </Filter>
    <Filter Include="resource">
      <UniqueIdentifier>{715254bc-d70b-4ec5-bf29-467dd3ace079}</UniqueIdentifier>
    </Filter>
    <Filter Include="BackEnd">
      <UniqueIdentifier>{8eb59520-988b-4b39-927f-1ea32309fa06}</UniqueIdentifier>
    </Filter>
    <Filter Include="Misc">
      <UniqueIdentifier>{bb6c862e-70e9-49d9-81b7-3829a6f50471}</UniqueIdentifier>
    </Filter>
    <Filter Include="Game Object">
      <UniqueIdentifier>{ec1ebe19-1080-4b19-9909-2e97fc3194c8}</UniqueIdentifier>
    </Filter>
    <Filter Include="Game Object\Pacman">
      <UniqueIdentifier>{fde0bae0-e331-4ae1-966f-20e6f5d42216}</UniqueIdentifier>
    </Filter>
    <Filter Include="Game Object\Ghost">
      <UniqueIdentifier>{f2caf132-3dcd-4a90-8f95-e8380f9bccde}</UniqueIdentifier>
    </Filter>
    <Filter Include="Game Object\Ghost\Base Classes">
      <UniqueIdentifier>{34cb1d51-fcf1-4653-9968-23e5f06b82ff}</UniqueIdentifier>
    </Filter>
    <Filter Include="Game Object\Misc">
      <UniqueIdentifier>{440848da-c655-4e24-8977-f8798682c622}</UniqueIdentifier>
    </Filter>
    <Filter Include="Game Object\Ghost\Ghost States">
      <UniqueIdentifier>{8d10ebf6-cd3a-4199-b5df-bc2ef1526007}</UniqueIdentifier>
    </Filter>
  </ItemGroup>
  <ItemGroup>
    <ClCompile Include="main.cpp">
      <Filter>win32</Filter>
    </ClCompile>
    <ClCompile Include="..\Classes\BackEnd\InputManager.cpp">
      <Filter>BackEnd</Filter>
    </ClCompile>
    <ClCompile Include="..\Classes\Mics\HelloWorldScene.cpp">
      <Filter>Misc</Filter>
    </ClCompile>
    <ClCompile Include="..\Classes\Mics\AppDelegate.cpp">
      <Filter>Misc</Filter>
    </ClCompile>
    <ClCompile Include="..\Classes\BackEnd\HitBox.cpp">
      <Filter>BackEnd</Filter>
    </ClCompile>
    <ClCompile Include="..\Classes\Game Objects\Pacman\Pacman.cpp">
      <Filter>Game Object\Pacman</Filter>
    </ClCompile>
    <ClCompile Include="..\Classes\Game Objects\GameObjectBase.cpp">
      <Filter>Game Object</Filter>
    </ClCompile>
    <ClCompile Include="..\Classes\BackEnd\PhysicsComponents.cpp">
      <Filter>BackEnd</Filter>
    </ClCompile>
    <ClCompile Include="..\Classes\Game Objects\Others\Walls.cpp">
      <Filter>Game Object\Misc</Filter>
    </ClCompile>
    <ClCompile Include="..\Classes\BackEnd\CollisionDetection.cpp">
      <Filter>BackEnd</Filter>
    </ClCompile>
    <ClCompile Include="..\Classes\Game Objects\Ghost\Base\GhostBase.cpp">
      <Filter>Game Object\Ghost\Base Classes</Filter>
    </ClCompile>
    <ClCompile Include="..\Classes\Game Objects\Ghost\Base\RedGhost.cpp">
      <Filter>Game Object\Ghost\Base Classes</Filter>
    </ClCompile>
  </ItemGroup>
  <ItemGroup>
    <ClInclude Include="main.h">
      <Filter>win32</Filter>
    </ClInclude>
    <ClInclude Include="..\Classes\BackEnd\InputManager.h">
      <Filter>BackEnd</Filter>
    </ClInclude>
    <ClInclude Include="..\Classes\Mics\AppDelegate.h">
      <Filter>Misc</Filter>
    </ClInclude>
    <ClInclude Include="..\Classes\Mics\HelloWorldScene.h">
      <Filter>Misc</Filter>
    </ClInclude>
    <ClInclude Include="..\Classes\BackEnd\HitBox.h">
      <Filter>BackEnd</Filter>
    </ClInclude>
    <ClInclude Include="..\Classes\Game Objects\Pacman\Pacman.h">
      <Filter>Game Object\Pacman</Filter>
    </ClInclude>
    <ClInclude Include="..\Classes\Game Objects\GameObjectBase.h">
      <Filter>Game Object</Filter>
    </ClInclude>
    <ClInclude Include="..\Classes\BackEnd\PhysicsComponents.h">
      <Filter>BackEnd</Filter>
    </ClInclude>
    <ClInclude Include="..\Classes\Game Objects\Others\Walls.h">
      <Filter>Game Object\Misc</Filter>
    </ClInclude>
    <ClInclude Include="..\Classes\BackEnd\CollisionDetection.h">
      <Filter>BackEnd</Filter>
    </ClInclude>
    <ClInclude Include="..\Classes\BackEnd\BackEnd.h" />
    <ClInclude Include="..\Classes\Game Objects\Ghost\Base\GhostBase.h">
      <Filter>Game Object\Ghost\Base Classes</Filter>
    </ClInclude>
    <ClInclude Include="..\Classes\Game Objects\Ghost\Ghost.h">
      <Filter>Game Object\Ghost</Filter>
    </ClInclude>
    <ClInclude Include="..\Classes\Game Objects\Ghost\Base\RedGhost.h">
      <Filter>Game Object\Ghost\Base Classes</Filter>
    </ClInclude>
  </ItemGroup>
  <ItemGroup>
    <ResourceCompile Include="game.rc">
      <Filter>resource</Filter>
    </ResourceCompile>
  </ItemGroup>
</Project>